
Microsoft Visual Studio Solution File, Format Version 12.00
# Visual Studio Version 17
VisualStudioVersion = 17.14.36121.58
MinimumVisualStudioVersion = 10.0.40219.1
Project("{8BC9CEB8-8B4A-11D0-8D11-00A0C91BC942}") = "p9", "p9\p9.vcxproj", "{072B6756-BD46-4983-AA7E-4883462370EB}"
EndProject
Project("{8BC9CEB8-8B4A-11D0-8D11-00A0C91BC942}") = "potok", "potok\potok.vcxproj", "{AB43A4B5-81C1-4F22-A2D9-65B12100EB5C}"
EndProject
Global
	GlobalSection(SolutionConfigurationPlatforms) = preSolution
		Debug|x64 = Debug|x64
		Debug|x86 = Debug|x86
		Release|x64 = Release|x64
		Release|x86 = Release|x86
	EndGlobalSection
	GlobalSection(ProjectConfigurationPlatforms) = postSolution
		{072B6756-BD46-4983-AA7E-4883462370EB}.Debug|x64.ActiveCfg = Debug|x64
		{072B6756-BD46-4983-AA7E-4883462370EB}.Debug|x64.Build.0 = Debug|x64
		{072B6756-BD46-4983-AA7E-4883462370EB}.Debug|x86.ActiveCfg = Debug|Win32
		{072B6756-BD46-4983-AA7E-4883462370EB}.Debug|x86.Build.0 = Debug|Win32
		{072B6756-BD46-4983-AA7E-4883462370EB}.Release|x64.ActiveCfg = Release|x64
		{072B6756-BD46-4983-AA7E-4883462370EB}.Release|x64.Build.0 = Release|x64
		{072B6756-BD46-4983-AA7E-4883462370EB}.Release|x86.ActiveCfg = Release|Win32
		{072B6756-BD46-4983-AA7E-4883462370EB}.Release|x86.Build.0 = Release|Win32
		{AB43A4B5-81C1-4F22-A2D9-65B12100EB5C}.Debug|x64.ActiveCfg = Debug|x64
		{AB43A4B5-81C1-4F22-A2D9-65B12100EB5C}.Debug|x64.Build.0 = Debug|x64
		{AB43A4B5-81C1-4F22-A2D9-65B12100EB5C}.Debug|x86.ActiveCfg = Debug|Win32
		{AB43A4B5-81C1-4F22-A2D9-65B12100EB5C}.Debug|x86.Build.0 = Debug|Win32
		{AB43A4B5-81C1-4F22-A2D9-65B12100EB5C}.Release|x64.ActiveCfg = Release|x64
		{AB43A4B5-81C1-4F22-A2D9-65B12100EB5C}.Release|x64.Build.0 = Release|x64
		{AB43A4B5-81C1-4F22-A2D9-65B12100EB5C}.Release|x86.ActiveCfg = Release|Win32
		{AB43A4B5-81C1-4F22-A2D9-65B12100EB5C}.Release|x86.Build.0 = Release|Win32
	EndGlobalSection
	GlobalSection(SolutionProperties) = preSolution
		HideSolutionNode = FALSE
	EndGlobalSection
	GlobalSection(ExtensibilityGlobals) = postSolution
		SolutionGuid = {43EC23FE-F418-49FD-9D8E-AB9E0E03E351}
	EndGlobalSection
EndGlobal
